
Microsoft Visual Studio Solution File, Format Version 12.00
# Visual Studio Version 16
VisualStudioVersion = 16.0.29503.13
MinimumVisualStudioVersion = 10.0.40219.1
Project("{9A19103F-16F7-4668-BE54-9A1E7A4F7556}") = "Vantage.Data", "Vantage.Data\Vantage.Data.csproj", "{9D6D15A8-A508-4FD5-AD24-6F606D67AF07}"
EndProject
Project("{9A19103F-16F7-4668-BE54-9A1E7A4F7556}") = "Vantage.WPF", "Vantage.WPF\Vantage.WPF.csproj", "{8D068CB9-5871-43AE-9995-07EFE872D29A}"
EndProject
Project("{9A19103F-16F7-4668-BE54-9A1E7A4F7556}") = "Vantage.API", "Vantage.API\Vantage.API.csproj", "{B41B7820-CF96-42AE-98CD-3B182738870C}"
EndProject
Project("{9A19103F-16F7-4668-BE54-9A1E7A4F7556}") = "Vantage.Common", "Vantage.Common\Vantage.Common.csproj", "{E16BAD98-1DA5-472C-8004-52F260D8AF4E}"
EndProject
Project("{930C7802-8A8C-48F9-8165-68863BCCD9DD}") = "Wix.WPF", "Wix.WPF\Wix.WPF.wixproj", "{B6867EBC-90B1-4F54-8D44-54988267FB82}"
EndProject
Project("{930C7802-8A8C-48F9-8165-68863BCCD9DD}") = "Wix.VantageAPI", "Wix.VantageAPI\Wix.VantageAPI.wixproj", "{FF561315-3F76-42EC-A086-7C619D33F465}"
EndProject
Project("{930C7802-8A8C-48F9-8165-68863BCCD9DD}") = "Wix.VantageAPIFull", "Wix.VantageAPIFull\Wix.VantageAPIFull.wixproj", "{295A5092-8E65-4927-93DE-4AE3B1079323}"
EndProject
Global
	GlobalSection(SolutionConfigurationPlatforms) = preSolution
		Debug|Any CPU = Debug|Any CPU
		Debug|x86 = Debug|x86
		Release|Any CPU = Release|Any CPU
		Release|x86 = Release|x86
	EndGlobalSection
	GlobalSection(ProjectConfigurationPlatforms) = postSolution
		{9D6D15A8-A508-4FD5-AD24-6F606D67AF07}.Debug|Any CPU.ActiveCfg = Debug|Any CPU
		{9D6D15A8-A508-4FD5-AD24-6F606D67AF07}.Debug|Any CPU.Build.0 = Debug|Any CPU
		{9D6D15A8-A508-4FD5-AD24-6F606D67AF07}.Debug|x86.ActiveCfg = Debug|Any CPU
		{9D6D15A8-A508-4FD5-AD24-6F606D67AF07}.Debug|x86.Build.0 = Debug|Any CPU
		{9D6D15A8-A508-4FD5-AD24-6F606D67AF07}.Release|Any CPU.ActiveCfg = Release|Any CPU
		{9D6D15A8-A508-4FD5-AD24-6F606D67AF07}.Release|Any CPU.Build.0 = Release|Any CPU
		{9D6D15A8-A508-4FD5-AD24-6F606D67AF07}.Release|x86.ActiveCfg = Release|Any CPU
		{9D6D15A8-A508-4FD5-AD24-6F606D67AF07}.Release|x86.Build.0 = Release|Any CPU
		{8D068CB9-5871-43AE-9995-07EFE872D29A}.Debug|Any CPU.ActiveCfg = Debug|Any CPU
		{8D068CB9-5871-43AE-9995-07EFE872D29A}.Debug|Any CPU.Build.0 = Debug|Any CPU
		{8D068CB9-5871-43AE-9995-07EFE872D29A}.Debug|x86.ActiveCfg = Debug|Any CPU
		{8D068CB9-5871-43AE-9995-07EFE872D29A}.Debug|x86.Build.0 = Debug|Any CPU
		{8D068CB9-5871-43AE-9995-07EFE872D29A}.Release|Any CPU.ActiveCfg = Release|Any CPU
		{8D068CB9-5871-43AE-9995-07EFE872D29A}.Release|Any CPU.Build.0 = Release|Any CPU
		{8D068CB9-5871-43AE-9995-07EFE872D29A}.Release|x86.ActiveCfg = Release|Any CPU
		{8D068CB9-5871-43AE-9995-07EFE872D29A}.Release|x86.Build.0 = Release|Any CPU
		{B41B7820-CF96-42AE-98CD-3B182738870C}.Debug|Any CPU.ActiveCfg = Debug|Any CPU
		{B41B7820-CF96-42AE-98CD-3B182738870C}.Debug|Any CPU.Build.0 = Debug|Any CPU
		{B41B7820-CF96-42AE-98CD-3B182738870C}.Debug|x86.ActiveCfg = Debug|Any CPU
		{B41B7820-CF96-42AE-98CD-3B182738870C}.Debug|x86.Build.0 = Debug|Any CPU
		{B41B7820-CF96-42AE-98CD-3B182738870C}.Release|Any CPU.ActiveCfg = Release|Any CPU
		{B41B7820-CF96-42AE-98CD-3B182738870C}.Release|Any CPU.Build.0 = Release|Any CPU
		{B41B7820-CF96-42AE-98CD-3B182738870C}.Release|x86.ActiveCfg = Release|Any CPU
		{B41B7820-CF96-42AE-98CD-3B182738870C}.Release|x86.Build.0 = Release|Any CPU
		{E16BAD98-1DA5-472C-8004-52F260D8AF4E}.Debug|Any CPU.ActiveCfg = Debug|Any CPU
		{E16BAD98-1DA5-472C-8004-52F260D8AF4E}.Debug|Any CPU.Build.0 = Debug|Any CPU
		{E16BAD98-1DA5-472C-8004-52F260D8AF4E}.Debug|x86.ActiveCfg = Debug|Any CPU
		{E16BAD98-1DA5-472C-8004-52F260D8AF4E}.Debug|x86.Build.0 = Debug|Any CPU
		{E16BAD98-1DA5-472C-8004-52F260D8AF4E}.Release|Any CPU.ActiveCfg = Release|Any CPU
		{E16BAD98-1DA5-472C-8004-52F260D8AF4E}.Release|Any CPU.Build.0 = Release|Any CPU
		{E16BAD98-1DA5-472C-8004-52F260D8AF4E}.Release|x86.ActiveCfg = Release|Any CPU
		{E16BAD98-1DA5-472C-8004-52F260D8AF4E}.Release|x86.Build.0 = Release|Any CPU
		{B6867EBC-90B1-4F54-8D44-54988267FB82}.Debug|Any CPU.ActiveCfg = Debug|x86
		{B6867EBC-90B1-4F54-8D44-54988267FB82}.Debug|x86.ActiveCfg = Debug|x86
		{B6867EBC-90B1-4F54-8D44-54988267FB82}.Debug|x86.Build.0 = Debug|x86
		{B6867EBC-90B1-4F54-8D44-54988267FB82}.Release|Any CPU.ActiveCfg = Release|x86
		{B6867EBC-90B1-4F54-8D44-54988267FB82}.Release|x86.ActiveCfg = Release|x86
		{B6867EBC-90B1-4F54-8D44-54988267FB82}.Release|x86.Build.0 = Release|x86
		{FF561315-3F76-42EC-A086-7C619D33F465}.Debug|Any CPU.ActiveCfg = Debug|x86
		{FF561315-3F76-42EC-A086-7C619D33F465}.Debug|x86.ActiveCfg = Debug|x86
		{FF561315-3F76-42EC-A086-7C619D33F465}.Debug|x86.Build.0 = Debug|x86
		{FF561315-3F76-42EC-A086-7C619D33F465}.Release|Any CPU.ActiveCfg = Release|x86
		{FF561315-3F76-42EC-A086-7C619D33F465}.Release|x86.ActiveCfg = Release|x86
		{FF561315-3F76-42EC-A086-7C619D33F465}.Release|x86.Build.0 = Release|x86
		{295A5092-8E65-4927-93DE-4AE3B1079323}.Debug|Any CPU.ActiveCfg = Debug|x86
		{295A5092-8E65-4927-93DE-4AE3B1079323}.Debug|x86.ActiveCfg = Debug|x86
		{295A5092-8E65-4927-93DE-4AE3B1079323}.Debug|x86.Build.0 = Debug|x86
		{295A5092-8E65-4927-93DE-4AE3B1079323}.Release|Any CPU.ActiveCfg = Release|x86
		{295A5092-8E65-4927-93DE-4AE3B1079323}.Release|x86.ActiveCfg = Release|x86
		{295A5092-8E65-4927-93DE-4AE3B1079323}.Release|x86.Build.0 = Release|x86
	EndGlobalSection
	GlobalSection(SolutionProperties) = preSolution
		HideSolutionNode = FALSE
	EndGlobalSection
	GlobalSection(ExtensibilityGlobals) = postSolution
		SolutionGuid = {2C8A4ECE-7992-4B2F-9ADE-829619D1E433}
	EndGlobalSection
EndGlobal
